// !$*UTF8*$!
{
	archiveVersion = 1;
	classes = {
	};
	objectVersion = 56;
	objects = {

/* Begin PBXBuildFile section */
		D327F4A229F5209600C21B92 /* AnimeAppApp.swift in Sources */ = {isa = PBXBuildFile; fileRef = D327F4A129F5209600C21B92 /* AnimeAppApp.swift */; };
		D327F4A429F5209600C21B92 /* ContentView.swift in Sources */ = {isa = PBXBuildFile; fileRef = D327F4A329F5209600C21B92 /* ContentView.swift */; };
		D327F4A629F5209700C21B92 /* Assets.xcassets in Resources */ = {isa = PBXBuildFile; fileRef = D327F4A529F5209700C21B92 /* Assets.xcassets */; };
		D327F4A929F5209700C21B92 /* Preview Assets.xcassets in Resources */ = {isa = PBXBuildFile; fileRef = D327F4A829F5209700C21B92 /* Preview Assets.xcassets */; };
		D327F4B329F538B700C21B92 /* anime.json in Resources */ = {isa = PBXBuildFile; fileRef = D327F4B229F538B700C21B92 /* anime.json */; };
		D327F4B629F53A4200C21B92 /* AnimeModel.swift in Sources */ = {isa = PBXBuildFile; fileRef = D327F4B529F53A4200C21B92 /* AnimeModel.swift */; };
		D327F4BA29F53D8A00C21B92 /* Extensions.swift in Sources */ = {isa = PBXBuildFile; fileRef = D327F4B929F53D8A00C21B92 /* Extensions.swift */; };
		D327F4BC29F5423600C21B92 /* Persistence.swift in Sources */ = {isa = PBXBuildFile; fileRef = D327F4BB29F5423600C21B92 /* Persistence.swift */; };
		D327F4BE29F543FE00C21B92 /* AnimesVM.swift in Sources */ = {isa = PBXBuildFile; fileRef = D327F4BD29F543FE00C21B92 /* AnimesVM.swift */; };
/* End PBXBuildFile section */

/* Begin PBXFileReference section */
		D327F49E29F5209600C21B92 /* AnimeApp.app */ = {isa = PBXFileReference; explicitFileType = wrapper.application; includeInIndex = 0; path = AnimeApp.app; sourceTree = BUILT_PRODUCTS_DIR; };
		D327F4A129F5209600C21B92 /* AnimeAppApp.swift */ = {isa = PBXFileReference; lastKnownFileType = sourcecode.swift; path = AnimeAppApp.swift; sourceTree = "<group>"; };
		D327F4A329F5209600C21B92 /* ContentView.swift */ = {isa = PBXFileReference; lastKnownFileType = sourcecode.swift; path = ContentView.swift; sourceTree = "<group>"; };
		D327F4A529F5209700C21B92 /* Assets.xcassets */ = {isa = PBXFileReference; lastKnownFileType = folder.assetcatalog; path = Assets.xcassets; sourceTree = "<group>"; };
		D327F4A829F5209700C21B92 /* Preview Assets.xcassets */ = {isa = PBXFileReference; lastKnownFileType = folder.assetcatalog; path = "Preview Assets.xcassets"; sourceTree = "<group>"; };
		D327F4B229F538B700C21B92 /* anime.json */ = {isa = PBXFileReference; fileEncoding = 4; lastKnownFileType = text.json; path = anime.json; sourceTree = "<group>"; };
		D327F4B529F53A4200C21B92 /* AnimeModel.swift */ = {isa = PBXFileReference; lastKnownFileType = sourcecode.swift; path = AnimeModel.swift; sourceTree = "<group>"; };
		D327F4B929F53D8A00C21B92 /* Extensions.swift */ = {isa = PBXFileReference; lastKnownFileType = sourcecode.swift; path = Extensions.swift; sourceTree = "<group>"; };
		D327F4BB29F5423600C21B92 /* Persistence.swift */ = {isa = PBXFileReference; lastKnownFileType = sourcecode.swift; path = Persistence.swift; sourceTree = "<group>"; };
		D327F4BD29F543FE00C21B92 /* AnimesVM.swift */ = {isa = PBXFileReference; lastKnownFileType = sourcecode.swift; path = AnimesVM.swift; sourceTree = "<group>"; };
/* End PBXFileReference section */

/* Begin PBXFrameworksBuildPhase section */
		D327F49B29F5209600C21B92 /* Frameworks */ = {
			isa = PBXFrameworksBuildPhase;
			buildActionMask = 2147483647;
			files = (
			);
			runOnlyForDeploymentPostprocessing = 0;
		};
/* End PBXFrameworksBuildPhase section */

/* Begin PBXGroup section */
		D327F49529F5209600C21B92 = {
			isa = PBXGroup;
			children = (
				D327F4A029F5209600C21B92 /* AnimeApp */,
				D327F49F29F5209600C21B92 /* Products */,
			);
			sourceTree = "<group>";
		};
		D327F49F29F5209600C21B92 /* Products */ = {
			isa = PBXGroup;
			children = (
				D327F49E29F5209600C21B92 /* AnimeApp.app */,
			);
			name = Products;
			sourceTree = "<group>";
		};
		D327F4A029F5209600C21B92 /* AnimeApp */ = {
			isa = PBXGroup;
			children = (
				D327F4BF29F544AD00C21B92 /* Views */,
				D327F4B029F5232700C21B92 /* ViewModels */,
				D327F4B429F538DD00C21B92 /* Model */,
				D327F4B129F538A200C21B92 /* Resources */,
				D327F4B829F53D5700C21B92 /* Helpers */,
				D327F4AF29F522EC00C21B92 /* system */,
				D327F4A729F5209700C21B92 /* Preview Content */,
			);
			path = AnimeApp;
			sourceTree = "<group>";
		};
		D327F4A729F5209700C21B92 /* Preview Content */ = {
			isa = PBXGroup;
			children = (
				D327F4A829F5209700C21B92 /* Preview Assets.xcassets */,
			);
			path = "Preview Content";
			sourceTree = "<group>";
		};
		D327F4AF29F522EC00C21B92 /* system */ = {
			isa = PBXGroup;
			children = (
				D327F4A129F5209600C21B92 /* AnimeAppApp.swift */,
				D327F4A529F5209700C21B92 /* Assets.xcassets */,
			);
			name = system;
			sourceTree = "<group>";
		};
		D327F4B029F5232700C21B92 /* ViewModels */ = {
			isa = PBXGroup;
			children = (
				D327F4BD29F543FE00C21B92 /* AnimesVM.swift */,
			);
			name = ViewModels;
			sourceTree = "<group>";
		};
		D327F4B129F538A200C21B92 /* Resources */ = {
			isa = PBXGroup;
			children = (
				D327F4B229F538B700C21B92 /* anime.json */,
			);
			name = Resources;
			sourceTree = "<group>";
		};
		D327F4B429F538DD00C21B92 /* Model */ = {
			isa = PBXGroup;
			children = (
				D327F4B529F53A4200C21B92 /* AnimeModel.swift */,
				D327F4BB29F5423600C21B92 /* Persistence.swift */,
			);
			name = Model;
			sourceTree = "<group>";
		};
		D327F4B829F53D5700C21B92 /* Helpers */ = {
			isa = PBXGroup;
			children = (
				D327F4B929F53D8A00C21B92 /* Extensions.swift */,
			);
			name = Helpers;
			sourceTree = "<group>";
		};
		D327F4BF29F544AD00C21B92 /* Views */ = {
			isa = PBXGroup;
			children = (
				D327F4A329F5209600C21B92 /* ContentView.swift */,
			);
			name = Views;
			sourceTree = "<group>";
		};
/* End PBXGroup section */

/* Begin PBXNativeTarget section */
		D327F49D29F5209600C21B92 /* AnimeApp */ = {
			isa = PBXNativeTarget;
			buildConfigurationList = D327F4AC29F5209700C21B92 /* Build configuration list for PBXNativeTarget "AnimeApp" */;
			buildPhases = (
				D327F49A29F5209600C21B92 /* Sources */,
				D327F49B29F5209600C21B92 /* Frameworks */,
				D327F49C29F5209600C21B92 /* Resources */,
			);
			buildRules = (
			);
			dependencies = (
			);
			name = AnimeApp;
			productName = AnimeApp;
			productReference = D327F49E29F5209600C21B92 /* AnimeApp.app */;
			productType = "com.apple.product-type.application";
		};
/* End PBXNativeTarget section */

/* Begin PBXProject section */
		D327F49629F5209600C21B92 /* Project object */ = {
			isa = PBXProject;
			attributes = {
				BuildIndependentTargetsInParallel = 1;
				LastSwiftUpdateCheck = 1430;
				LastUpgradeCheck = 1430;
				TargetAttributes = {
					D327F49D29F5209600C21B92 = {
						CreatedOnToolsVersion = 14.3;
					};
				};
			};
			buildConfigurationList = D327F49929F5209600C21B92 /* Build configuration list for PBXProject "AnimeApp" */;
			compatibilityVersion = "Xcode 14.0";
			developmentRegion = en;
			hasScannedForEncodings = 0;
			knownRegions = (
				en,
				Base,
			);
			mainGroup = D327F49529F5209600C21B92;
			productRefGroup = D327F49F29F5209600C21B92 /* Products */;
			projectDirPath = "";
			projectRoot = "";
			targets = (
				D327F49D29F5209600C21B92 /* AnimeApp */,
			);
		};
/* End PBXProject section */

/* Begin PBXResourcesBuildPhase section */
		D327F49C29F5209600C21B92 /* Resources */ = {
			isa = PBXResourcesBuildPhase;
			buildActionMask = 2147483647;
			files = (
				D327F4A929F5209700C21B92 /* Preview Assets.xcassets in Resources */,
				D327F4A629F5209700C21B92 /* Assets.xcassets in Resources */,
				D327F4B329F538B700C21B92 /* anime.json in Resources */,
			);
			runOnlyForDeploymentPostprocessing = 0;
		};
/* End PBXResourcesBuildPhase section */

/* Begin PBXSourcesBuildPhase section */
		D327F49A29F5209600C21B92 /* Sources */ = {
			isa = PBXSourcesBuildPhase;
			buildActionMask = 2147483647;
			files = (
				D327F4A429F5209600C21B92 /* ContentView.swift in Sources */,
				D327F4BE29F543FE00C21B92 /* AnimesVM.swift in Sources */,
				D327F4BA29F53D8A00C21B92 /* Extensions.swift in Sources */,
				D327F4B629F53A4200C21B92 /* AnimeModel.swift in Sources */,
				D327F4A229F5209600C21B92 /* AnimeAppApp.swift in Sources */,
				D327F4BC29F5423600C21B92 /* Persistence.swift in Sources */,
			);
			runOnlyForDeploymentPostprocessing = 0;
		};
/* End PBXSourcesBuildPhase section */

/* Begin XCBuildConfiguration section */
		D327F4AA29F5209700C21B92 /* Debug */ = {
			isa = XCBuildConfiguration;
			buildSettings = {
				ALWAYS_SEARCH_USER_PATHS = NO;
				CLANG_ANALYZER_NONNULL = YES;
				CLANG_ANALYZER_NUMBER_OBJECT_CONVERSION = YES_AGGRESSIVE;
				CLANG_CXX_LANGUAGE_STANDARD = "gnu++20";
				CLANG_ENABLE_MODULES = YES;
				CLANG_ENABLE_OBJC_ARC = YES;
				CLANG_ENABLE_OBJC_WEAK = YES;
				CLANG_WARN_BLOCK_CAPTURE_AUTORELEASING = YES;
				CLANG_WARN_BOOL_CONVERSION = YES;
				CLANG_WARN_COMMA = YES;
				CLANG_WARN_CONSTANT_CONVERSION = YES;
				CLANG_WARN_DEPRECATED_OBJC_IMPLEMENTATIONS = YES;
				CLANG_WARN_DIRECT_OBJC_ISA_USAGE = YES_ERROR;
				CLANG_WARN_DOCUMENTATION_COMMENTS = YES;
				CLANG_WARN_EMPTY_BODY = YES;
				CLANG_WARN_ENUM_CONVERSION = YES;
				CLANG_WARN_INFINITE_RECURSION = YES;
				CLANG_WARN_INT_CONVERSION = YES;
				CLANG_WARN_NON_LITERAL_NULL_CONVERSION = YES;
				CLANG_WARN_OBJC_IMPLICIT_RETAIN_SELF = YES;
				CLANG_WARN_OBJC_LITERAL_CONVERSION = YES;
				CLANG_WARN_OBJC_ROOT_CLASS = YES_ERROR;
				CLANG_WARN_QUOTED_INCLUDE_IN_FRAMEWORK_HEADER = YES;
				CLANG_WARN_RANGE_LOOP_ANALYSIS = YES;
				CLANG_WARN_STRICT_PROTOTYPES = YES;
				CLANG_WARN_SUSPICIOUS_MOVE = YES;
				CLANG_WARN_UNGUARDED_AVAILABILITY = YES_AGGRESSIVE;
				CLANG_WARN_UNREACHABLE_CODE = YES;
				CLANG_WARN__DUPLICATE_METHOD_MATCH = YES;
				COPY_PHASE_STRIP = NO;
				DEBUG_INFORMATION_FORMAT = dwarf;
				ENABLE_STRICT_OBJC_MSGSEND = YES;
				ENABLE_TESTABILITY = YES;
				GCC_C_LANGUAGE_STANDARD = gnu11;
				GCC_DYNAMIC_NO_PIC = NO;
				GCC_NO_COMMON_BLOCKS = YES;
				GCC_OPTIMIZATION_LEVEL = 0;
				GCC_PREPROCESSOR_DEFINITIONS = (
					"DEBUG=1",
					"$(inherited)",
				);
				GCC_WARN_64_TO_32_BIT_CONVERSION = YES;
				GCC_WARN_ABOUT_RETURN_TYPE = YES_ERROR;
				GCC_WARN_UNDECLARED_SELECTOR = YES;
				GCC_WARN_UNINITIALIZED_AUTOS = YES_AGGRESSIVE;
				GCC_WARN_UNUSED_FUNCTION = YES;
				GCC_WARN_UNUSED_VARIABLE = YES;
				IPHONEOS_DEPLOYMENT_TARGET = 16.4;
				MTL_ENABLE_DEBUG_INFO = INCLUDE_SOURCE;
				MTL_FAST_MATH = YES;
				ONLY_ACTIVE_ARCH = YES;
				SDKROOT = iphoneos;
				SWIFT_ACTIVE_COMPILATION_CONDITIONS = DEBUG;
				SWIFT_OPTIMIZATION_LEVEL = "-Onone";
			};
			name = Debug;
		};
		D327F4AB29F5209700C21B92 /* Release */ = {
			isa = XCBuildConfiguration;
			buildSettings = {
				ALWAYS_SEARCH_USER_PATHS = NO;
				CLANG_ANALYZER_NONNULL = YES;
				CLANG_ANALYZER_NUMBER_OBJECT_CONVERSION = YES_AGGRESSIVE;
				CLANG_CXX_LANGUAGE_STANDARD = "gnu++20";
				CLANG_ENABLE_MODULES = YES;
				CLANG_ENABLE_OBJC_ARC = YES;
				CLANG_ENABLE_OBJC_WEAK = YES;
				CLANG_WARN_BLOCK_CAPTURE_AUTORELEASING = YES;
				CLANG_WARN_BOOL_CONVERSION = YES;
				CLANG_WARN_COMMA = YES;
				CLANG_WARN_CONSTANT_CONVERSION = YES;
				CLANG_WARN_DEPRECATED_OBJC_IMPLEMENTATIONS = YES;
				CLANG_WARN_DIRECT_OBJC_ISA_USAGE = YES_ERROR;
				CLANG_WARN_DOCUMENTATION_COMMENTS = YES;
				CLANG_WARN_EMPTY_BODY = YES;
				CLANG_WARN_ENUM_CONVERSION = YES;
				CLANG_WARN_INFINITE_RECURSION = YES;
				CLANG_WARN_INT_CONVERSION = YES;
				CLANG_WARN_NON_LITERAL_NULL_CONVERSION = YES;
				CLANG_WARN_OBJC_IMPLICIT_RETAIN_SELF = YES;
				CLANG_WARN_OBJC_LITERAL_CONVERSION = YES;
				CLANG_WARN_OBJC_ROOT_CLASS = YES_ERROR;
				CLANG_WARN_QUOTED_INCLUDE_IN_FRAMEWORK_HEADER = YES;
				CLANG_WARN_RANGE_LOOP_ANALYSIS = YES;
				CLANG_WARN_STRICT_PROTOTYPES = YES;
				CLANG_WARN_SUSPICIOUS_MOVE = YES;
				CLANG_WARN_UNGUARDED_AVAILABILITY = YES_AGGRESSIVE;
				CLANG_WARN_UNREACHABLE_CODE = YES;
				CLANG_WARN__DUPLICATE_METHOD_MATCH = YES;
				COPY_PHASE_STRIP = NO;
				DEBUG_INFORMATION_FORMAT = "dwarf-with-dsym";
				ENABLE_NS_ASSERTIONS = NO;
				ENABLE_STRICT_OBJC_MSGSEND = YES;
				GCC_C_LANGUAGE_STANDARD = gnu11;
				GCC_NO_COMMON_BLOCKS = YES;
				GCC_WARN_64_TO_32_BIT_CONVERSION = YES;
				GCC_WARN_ABOUT_RETURN_TYPE = YES_ERROR;
				GCC_WARN_UNDECLARED_SELECTOR = YES;
				GCC_WARN_UNINITIALIZED_AUTOS = YES_AGGRESSIVE;
				GCC_WARN_UNUSED_FUNCTION = YES;
				GCC_WARN_UNUSED_VARIABLE = YES;
				IPHONEOS_DEPLOYMENT_TARGET = 16.4;
				MTL_ENABLE_DEBUG_INFO = NO;
				MTL_FAST_MATH = YES;
				SDKROOT = iphoneos;
				SWIFT_COMPILATION_MODE = wholemodule;
				SWIFT_OPTIMIZATION_LEVEL = "-O";
				VALIDATE_PRODUCT = YES;
			};
			name = Release;
		};
		D327F4AD29F5209700C21B92 /* Debug */ = {
			isa = XCBuildConfiguration;
			buildSettings = {
				ASSETCATALOG_COMPILER_APPICON_NAME = AppIcon;
				ASSETCATALOG_COMPILER_GLOBAL_ACCENT_COLOR_NAME = AccentColor;
				CODE_SIGN_STYLE = Automatic;
				CURRENT_PROJECT_VERSION = 1;
				DEVELOPMENT_ASSET_PATHS = "\"AnimeApp/Preview Content\"";
				DEVELOPMENT_TEAM = BK28MGPK85;
				ENABLE_PREVIEWS = YES;
				GENERATE_INFOPLIST_FILE = YES;
				INFOPLIST_KEY_UIApplicationSceneManifest_Generation = YES;
				INFOPLIST_KEY_UIApplicationSupportsIndirectInputEvents = YES;
				INFOPLIST_KEY_UILaunchScreen_Generation = YES;
				INFOPLIST_KEY_UISupportedInterfaceOrientations_iPad = "UIInterfaceOrientationPortrait UIInterfaceOrientationPortraitUpsideDown UIInterfaceOrientationLandscapeLeft UIInterfaceOrientationLandscapeRight";
				INFOPLIST_KEY_UISupportedInterfaceOrientations_iPhone = "UIInterfaceOrientationPortrait UIInterfaceOrientationLandscapeLeft UIInterfaceOrientationLandscapeRight";
				LD_RUNPATH_SEARCH_PATHS = (
					"$(inherited)",
					"@executable_path/Frameworks",
				);
				MARKETING_VERSION = 1.0;
				PRODUCT_BUNDLE_IDENTIFIER = com.monicagalan.AnimeApp;
				PRODUCT_NAME = "$(TARGET_NAME)";
				SWIFT_EMIT_LOC_STRINGS = YES;
				SWIFT_VERSION = 5.0;
				TARGETED_DEVICE_FAMILY = "1,2";
			};
			name = Debug;
		};
		D327F4AE29F5209700C21B92 /* Release */ = {
			isa = XCBuildConfiguration;
			buildSettings = {
				ASSETCATALOG_COMPILER_APPICON_NAME = AppIcon;
				ASSETCATALOG_COMPILER_GLOBAL_ACCENT_COLOR_NAME = AccentColor;
				CODE_SIGN_STYLE = Automatic;
				CURRENT_PROJECT_VERSION = 1;
				DEVELOPMENT_ASSET_PATHS = "\"AnimeApp/Preview Content\"";
				DEVELOPMENT_TEAM = BK28MGPK85;
				ENABLE_PREVIEWS = YES;
				GENERATE_INFOPLIST_FILE = YES;
				INFOPLIST_KEY_UIApplicationSceneManifest_Generation = YES;
				INFOPLIST_KEY_UIApplicationSupportsIndirectInputEvents = YES;
				INFOPLIST_KEY_UILaunchScreen_Generation = YES;
				INFOPLIST_KEY_UISupportedInterfaceOrientations_iPad = "UIInterfaceOrientationPortrait UIInterfaceOrientationPortraitUpsideDown UIInterfaceOrientationLandscapeLeft UIInterfaceOrientationLandscapeRight";
				INFOPLIST_KEY_UISupportedInterfaceOrientations_iPhone = "UIInterfaceOrientationPortrait UIInterfaceOrientationLandscapeLeft UIInterfaceOrientationLandscapeRight";
				LD_RUNPATH_SEARCH_PATHS = (
					"$(inherited)",
					"@executable_path/Frameworks",
				);
				MARKETING_VERSION = 1.0;
				PRODUCT_BUNDLE_IDENTIFIER = com.monicagalan.AnimeApp;
				PRODUCT_NAME = "$(TARGET_NAME)";
				SWIFT_EMIT_LOC_STRINGS = YES;
				SWIFT_VERSION = 5.0;
				TARGETED_DEVICE_FAMILY = "1,2";
			};
			name = Release;
		};
/* End XCBuildConfiguration section */

/* Begin XCConfigurationList section */
		D327F49929F5209600C21B92 /* Build configuration list for PBXProject "AnimeApp" */ = {
			isa = XCConfigurationList;
			buildConfigurations = (
				D327F4AA29F5209700C21B92 /* Debug */,
				D327F4AB29F5209700C21B92 /* Release */,
			);
			defaultConfigurationIsVisible = 0;
			defaultConfigurationName = Release;
		};
		D327F4AC29F5209700C21B92 /* Build configuration list for PBXNativeTarget "AnimeApp" */ = {
			isa = XCConfigurationList;
			buildConfigurations = (
				D327F4AD29F5209700C21B92 /* Debug */,
				D327F4AE29F5209700C21B92 /* Release */,
			);
			defaultConfigurationIsVisible = 0;
			defaultConfigurationName = Release;
		};
/* End XCConfigurationList section */
	};
	rootObject = D327F49629F5209600C21B92 /* Project object */;
}
